Microsoft Visual Studio Solution File, Format Version 12.00
# Visual Studio Version 17
VisualStudioVersion = 17.14.36518.9 d17.14
MinimumVisualStudioVersion = 10.0.40219.1
Project("{FAE04EC0-301F-11D3-BF4B-00C04F79EFBC}") = "rentProject", "rentProject.csproj", "{35656156-5700-1184-CDBF-454DD3820660}"
EndProject
Global
	GlobalSection(SolutionConfigurationPlatforms) = preSolution
		Debug|Any CPU = Debug|Any CPU
		Release|Any CPU = Release|Any CPU
	EndGlobalSection
	GlobalSection(ProjectConfigurationPlatforms) = postSolution
		{35656156-5700-1184-CDBF-454DD3820660}.Debug|Any CPU.ActiveCfg = Debug|Any CPU
		{35656156-5700-1184-CDBF-454DD3820660}.Debug|Any CPU.Build.0 = Debug|Any CPU
		{35656156-5700-1184-CDBF-454DD3820660}.Release|Any CPU.ActiveCfg = Release|Any CPU
		{35656156-5700-1184-CDBF-454DD3820660}.Release|Any CPU.Build.0 = Release|Any CPU
	EndGlobalSection
	GlobalSection(SolutionProperties) = preSolution
		HideSolutionNode = FALSE
	EndGlobalSection
	GlobalSection(ExtensibilityGlobals) = postSolution
		SolutionGuid = {21A20F42-42EB-4867-96F5-00EE9FBCDB0E}
	EndGlobalSection
EndGlobal

